# This file is automatically @generated by Cargo.
# It is not intended for manual editing.
version = 3

[[package]]
name = "ski"
version = "0.1.0"
dependencies = [
 "type-operators",
]

[[package]]
name = "type-operators"
version = "0.3.5"
source = "registry+https://github.com/rust-lang/crates.io-index"
checksum = "e038b62f702a7fa16902d988dfc0d2f322db72821c2f3c6809e5b3f6691d636c"
